<?xml version="1.0" encoding="utf-8"?>
<Project ToolsVersion="4.0" xmlns="http://schemas.microsoft.com/developer/msbuild/2003">
  <ItemGroup>
    <Filter Include="Source Files">
      <UniqueIdentifier>{4FC737F1-C7A5-4376-A066-2A32D752A2FF}</UniqueIdentifier>
      <Extensions>cpp;c;cc;cxx;def;odl;idl;hpj;bat;asm;asmx</Extensions>
    </Filter>
    <Filter Include="Header Files">
      <UniqueIdentifier>{93995380-89BD-4b04-88EB-625FBE52EBFB}</UniqueIdentifier>
      <Extensions>h;hpp;hxx;hm;inl;inc;xsd</Extensions>
    </Filter>
    <Filter Include="Resource Files">
      <UniqueIdentifier>{67DA6AB6-F800-4c08-8B7A-83BB121AAD01}</UniqueIdentifier>
      <Extensions>rc;ico;cur;bmp;dlg;rc2;rct;bin;rgs;gif;jpg;jpeg;jpe;resx;tiff;tif;png;wav</Extensions>
    </Filter>
    <Filter Include="Source Files\Utility">
      <UniqueIdentifier>{2b93f725-c864-480e-81f3-70c2e7bf0016}</UniqueIdentifier>
    </Filter>
    <Filter Include="Source Files\Utility\Input">
      <UniqueIdentifier>{d5042b04-ed8b-4d52-9ecf-0ce06f93ec20}</UniqueIdentifier>
    </Filter>
    <Filter Include="Source Files\Utility\Manager">
      <UniqueIdentifier>{e4e06123-2405-41f0-a9ea-a7ba685045a6}</UniqueIdentifier>
    </Filter>
    <Filter Include="Source Files\Utility\Manager\SoundManager">
      <UniqueIdentifier>{902c13a1-0738-4367-be3b-e577a0e4c728}</UniqueIdentifier>
    </Filter>
    <Filter Include="Source Files\Utility\Manager\SoundManager\Sound">
      <UniqueIdentifier>{f54efab9-f131-41dc-b8b2-d66b649f7014}</UniqueIdentifier>
    </Filter>
    <Filter Include="Source Files\Utility\Manager\TextureManager">
      <UniqueIdentifier>{ebf57c89-2c1b-4538-918d-a4edbf9ab116}</UniqueIdentifier>
    </Filter>
    <Filter Include="Source Files\Utility\Input\Key">
      <UniqueIdentifier>{2cbbf4cd-bdaf-471c-90f1-ac29d6bc7afe}</UniqueIdentifier>
    </Filter>
    <Filter Include="Source Files\Utility\Input\Mouse">
      <UniqueIdentifier>{057c6a12-3984-401c-aca4-80a0cb75accf}</UniqueIdentifier>
    </Filter>
    <Filter Include="Source Files\Object">
      <UniqueIdentifier>{09a586ea-2dea-4459-8e2e-bdcb45b9e69c}</UniqueIdentifier>
    </Filter>
    <Filter Include="Source Files\Utility\Manager\EasingManager">
      <UniqueIdentifier>{67211a0a-b097-438d-9d7a-18500e836bf9}</UniqueIdentifier>
    </Filter>
    <Filter Include="Source Files\Utility\Manager\EasingManager\Easing">
      <UniqueIdentifier>{30e88c67-c62f-4d32-8d5f-9240b84a4e81}</UniqueIdentifier>
    </Filter>
    <Filter Include="Source Files\Utility\Manager\EasingManager\EasingManageOne">
      <UniqueIdentifier>{00d61aba-6abe-4c38-ad02-6be484e96a45}</UniqueIdentifier>
    </Filter>
    <Filter Include="Source Files\Component">
      <UniqueIdentifier>{4527326c-c03f-42e7-9b04-0e1df8684a03}</UniqueIdentifier>
    </Filter>
    <Filter Include="Source Files\Component\Transform">
      <UniqueIdentifier>{78a0e169-46e0-40eb-b162-2d9f67370af9}</UniqueIdentifier>
    </Filter>
    <Filter Include="Source Files\Object\GameObject">
      <UniqueIdentifier>{6c6c6c89-9cb8-4986-9109-c93f7e9df85c}</UniqueIdentifier>
    </Filter>
    <Filter Include="Source Files\Object\GameObject\SkyDome">
      <UniqueIdentifier>{c10dc27c-3a47-41d4-9ec1-d537d12d9ebe}</UniqueIdentifier>
    </Filter>
    <Filter Include="Source Files\Utility\Manager\TimeManager">
      <UniqueIdentifier>{066af18b-ad46-4448-b46a-8b1c14c71ec1}</UniqueIdentifier>
    </Filter>
    <Filter Include="Source Files\Utility\Collision">
      <UniqueIdentifier>{76db99a7-c690-4230-96f5-5c6e06640bfd}</UniqueIdentifier>
    </Filter>
    <Filter Include="Source Files\Scene">
      <UniqueIdentifier>{c0ab345c-470b-4f3b-866c-a07ed90ff804}</UniqueIdentifier>
    </Filter>
    <Filter Include="Source Files\Scene\Category">
      <UniqueIdentifier>{56fe99b1-952a-4083-b6ba-a3003cd5ac84}</UniqueIdentifier>
    </Filter>
    <Filter Include="Source Files\Scene\SceneManager">
      <UniqueIdentifier>{2f77babe-4deb-49ff-a099-18db7d0df660}</UniqueIdentifier>
    </Filter>
    <Filter Include="Source Files\Scene\Category\Title">
      <UniqueIdentifier>{10c60713-fed4-4575-99b6-1921f03d82de}</UniqueIdentifier>
    </Filter>
    <Filter Include="Source Files\Scene\Category\GameMain">
      <UniqueIdentifier>{65ee3f03-a531-434b-adbf-59ae2d6466d5}</UniqueIdentifier>
    </Filter>
    <Filter Include="Source Files\Scene\Category\StageSelect">
      <UniqueIdentifier>{cedff925-9d8d-4614-a5d0-9587fa1ca509}</UniqueIdentifier>
    </Filter>
    <Filter Include="Source Files\Scene\Category\Option">
      <UniqueIdentifier>{655d5ad9-6d2c-4bbf-9404-b92dbc110a06}</UniqueIdentifier>
    </Filter>
    <Filter Include="Source Files\Object\GameObject\CubeBase">
      <UniqueIdentifier>{7668a490-f1f1-43c0-931e-c80270a0f97d}</UniqueIdentifier>
    </Filter>
    <Filter Include="Source Files\Object\GameObject\CubeBase\AutoMoveCube">
      <UniqueIdentifier>{d961ef67-9816-4d61-a987-de5b83cf6442}</UniqueIdentifier>
    </Filter>
    <Filter Include="Source Files\Object\GameObject\CubeBase\ShrinkCube">
      <UniqueIdentifier>{aa9c820c-fb8c-4e83-b65a-bf7162b092a1}</UniqueIdentifier>
    </Filter>
    <Filter Include="Source Files\Object\GameObject\CubeBase\VanishCube">
      <UniqueIdentifier>{db30165d-e518-484f-9064-ae8941d50a4a}</UniqueIdentifier>
    </Filter>
    <Filter Include="Source Files\Object\MapManager">
      <UniqueIdentifier>{057c5d5c-2844-4639-859a-1c15826c352a}</UniqueIdentifier>
    </Filter>
  </ItemGroup>
  <ItemGroup>
    <ClInclude Include="..\include\Resources.h">
      <Filter>Header Files</Filter>
    </ClInclude>
    <ClInclude Include="..\src\Object\Object.h">
      <Filter>Source Files\Object</Filter>
    </ClInclude>
    <ClInclude Include="..\src\Object\Component\Transform\Transform.h">
      <Filter>Source Files\Component\Transform</Filter>
    </ClInclude>
    <ClInclude Include="..\src\Object\GameObject\SkyDome\SkyDome.h">
      <Filter>Source Files\Object\GameObject\SkyDome</Filter>
    </ClInclude>
    <ClInclude Include="..\src\Scene\SceneManager\SceneManager.h">
      <Filter>Source Files\Scene\SceneManager</Filter>
    </ClInclude>
    <ClInclude Include="..\src\Scene\Category\Title\Title.h">
      <Filter>Source Files\Scene\Category\Title</Filter>
    </ClInclude>
    <ClInclude Include="..\src\Scene\Category\StageSelect\StageSelect.h">
      <Filter>Source Files\Scene\Category\StageSelect</Filter>
    </ClInclude>
    <ClInclude Include="..\src\Scene\Category\Option\Option.h">
      <Filter>Source Files\Scene\Category\Option</Filter>
    </ClInclude>
    <ClInclude Include="..\src\Scene\Category\GameMain\GameMain.h">
      <Filter>Source Files\Scene\Category\GameMain</Filter>
    </ClInclude>
    <ClInclude Include="..\src\Scene\SceneBase.h">
      <Filter>Source Files\Scene</Filter>
    </ClInclude>
    <ClInclude Include="..\src\NotUse\MainCamera\MainCamera.h">
      <Filter>Source Files</Filter>
    </ClInclude>
    <ClInclude Include="..\src\Object\GameObject\GameObject.h">
      <Filter>Source Files\Object\GameObject</Filter>
    </ClInclude>
    <ClInclude Include="..\src\Object\GameObject\CubeBase\CubeBase.h">
      <Filter>Source Files\Object\GameObject\CubeBase</Filter>
    </ClInclude>
    <ClInclude Include="..\src\Object\GameObject\CubeBase\AutoMoveCube\AutoMoveCube.h">
      <Filter>Source Files\Object\GameObject\CubeBase\AutoMoveCube</Filter>
    </ClInclude>
    <ClInclude Include="..\src\Object\GameObject\CubeBase\ShrinkCube\ShrinkCube.h">
      <Filter>Source Files\Object\GameObject\CubeBase\ShrinkCube</Filter>
    </ClInclude>
    <ClInclude Include="..\src\Object\GameObject\CubeBase\VanishCube\VanishCube.h">
      <Filter>Source Files\Object\GameObject\CubeBase\VanishCube</Filter>
    </ClInclude>
    <ClInclude Include="..\src\Object\MapManager\MapManager.h">
      <Filter>Source Files\Object\MapManager</Filter>
    </ClInclude>
    <ClInclude Include="..\src\Utillity\Collision\Collision.h">
      <Filter>Header Files</Filter>
    </ClInclude>
    <ClInclude Include="..\src\Utillity\Input\Key\Key.h">
      <Filter>Header Files</Filter>
    </ClInclude>
    <ClInclude Include="..\src\Utillity\Input\Mouse\Mouse.h">
      <Filter>Header Files</Filter>
    </ClInclude>
    <ClInclude Include="..\src\Utillity\Manager\EasingManager\EasingManageOne\EasingManageOne.h">
      <Filter>Header Files</Filter>
    </ClInclude>
    <ClInclude Include="..\src\Utillity\Manager\EasingManager\EasingManager.h">
      <Filter>Header Files</Filter>
    </ClInclude>
    <ClInclude Include="..\src\Utillity\Manager\EasingManager\Easing\Easing.h">
      <Filter>Header Files</Filter>
    </ClInclude>
    <ClInclude Include="..\src\Utillity\Manager\SoundManager\SoundManager.h">
      <Filter>Header Files</Filter>
    </ClInclude>
    <ClInclude Include="..\src\Utillity\Manager\SoundManager\Sound\Sound.h">
      <Filter>Header Files</Filter>
    </ClInclude>
    <ClInclude Include="..\src\Utillity\Manager\TextureManager\TextureManager.h">
      <Filter>Header Files</Filter>
    </ClInclude>
    <ClInclude Include="..\src\Utillity\Manager\TimeManager\TimeManager.h">
      <Filter>Header Files</Filter>
    </ClInclude>
    <ClInclude Include="..\src\Utility\Collision\Collision.h">
      <Filter>Source Files\Utility\Collision</Filter>
    </ClInclude>
    <ClInclude Include="..\src\Utility\Utility.h">
      <Filter>Source Files\Utility</Filter>
    </ClInclude>
    <ClInclude Include="..\src\Utility\Input\Key\Key.h">
      <Filter>Source Files\Utility\Input\Key</Filter>
    </ClInclude>
    <ClInclude Include="..\src\Utility\Input\Mouse\Mouse.h">
      <Filter>Source Files\Utility\Input\Mouse</Filter>
    </ClInclude>
    <ClInclude Include="..\src\Utility\Manager\EasingManager\Easing\Easing.h">
      <Filter>Source Files\Utility\Manager\EasingManager\Easing</Filter>
    </ClInclude>
    <ClInclude Include="..\src\Utility\Manager\EasingManager\EasingManageOne\EasingManageOne.h">
      <Filter>Source Files\Utility\Manager\EasingManager\EasingManageOne</Filter>
    </ClInclude>
    <ClInclude Include="..\src\Utility\Manager\EasingManager\EasingManager.h">
      <Filter>Source Files\Utility\Manager\EasingManager</Filter>
    </ClInclude>
    <ClInclude Include="..\src\Utility\Manager\SoundManager\Sound\Sound.h">
      <Filter>Source Files\Utility\Manager\SoundManager\Sound</Filter>
    </ClInclude>
    <ClInclude Include="..\src\Utility\Manager\SoundManager\SoundManager.h">
      <Filter>Source Files\Utility\Manager\SoundManager</Filter>
    </ClInclude>
    <ClInclude Include="..\src\Utility\Manager\TimeManager\TimeManager.h">
      <Filter>Source Files\Utility\Manager\TimeManager</Filter>
    </ClInclude>
    <ClInclude Include="..\src\Utility\Manager\TextureManager\TextureManager.h">
      <Filter>Source Files\Utility\Manager\TextureManager</Filter>
    </ClInclude>
  </ItemGroup>
  <ItemGroup>
    <ClInclude Include="..\include\Resources.h">
      <Filter>Header Files</Filter>
    </ClInclude>
  </ItemGroup>
  <ItemGroup>
    <ResourceCompile Include="Resources.rc">
      <Filter>Resource Files</Filter>
    </ResourceCompile>
  </ItemGroup>
  <ItemGroup>
    <ClCompile Include="..\src\Object\GameObject\SkyDome\SkyDome.cpp">
      <Filter>Source Files\Object\GameObject\SkyDome</Filter>
    </ClCompile>
    <ClCompile Include="..\src\Scene\SceneManager\SceneManager.cpp">
      <Filter>Source Files\Scene\SceneManager</Filter>
    </ClCompile>
    <ClCompile Include="..\src\Scene\Category\GameMain\GameMain.cpp">
      <Filter>Source Files\Scene\Category\GameMain</Filter>
    </ClCompile>
    <ClCompile Include="..\src\Scene\Category\Option\Option.cpp">
      <Filter>Source Files\Scene\Category\Option</Filter>
    </ClCompile>
    <ClCompile Include="..\src\Scene\Category\StageSelect\StageSelect.cpp">
      <Filter>Source Files\Scene\Category\StageSelect</Filter>
    </ClCompile>
    <ClCompile Include="..\src\Scene\Category\Title\Title.cpp">
      <Filter>Source Files\Scene\Category\Title</Filter>
    </ClCompile>
    <ClCompile Include="..\src\MainProject.cpp">
      <Filter>Source Files</Filter>
    </ClCompile>
    <ClCompile Include="..\src\NotUse\MainCamera\MainCamera.cpp">
      <Filter>Source Files</Filter>
    </ClCompile>
    <ClCompile Include="..\src\Object\GameObject\CubeBase\AutoMoveCube\AutoMoveCube.cpp">
      <Filter>Source Files\Object\GameObject\CubeBase\AutoMoveCube</Filter>
    </ClCompile>
    <ClCompile Include="..\src\Object\GameObject\CubeBase\ShrinkCube\ShrinkCube.cpp">
      <Filter>Source Files\Object\GameObject\CubeBase\ShrinkCube</Filter>
    </ClCompile>
    <ClCompile Include="..\src\Object\GameObject\CubeBase\VanishCube\VanishCube.cpp">
      <Filter>Source Files\Object\GameObject\CubeBase\VanishCube</Filter>
    </ClCompile>
    <ClCompile Include="..\src\Object\MapManager\MapManager.cpp">
      <Filter>Source Files\Object\MapManager</Filter>
    </ClCompile>
    <ClCompile Include="..\src\Utility\Collision\Collision.cpp">
      <Filter>Source Files\Utility\Collision</Filter>
    </ClCompile>
    <ClCompile Include="..\src\Utility\Utility.cpp">
      <Filter>Source Files\Utility</Filter>
    </ClCompile>
    <ClCompile Include="..\src\Utility\Input\Key\Key.cpp">
      <Filter>Source Files\Utility\Input\Key</Filter>
    </ClCompile>
    <ClCompile Include="..\src\Utility\Input\Mouse\Mouse.cpp">
      <Filter>Source Files\Utility\Input\Mouse</Filter>
    </ClCompile>
    <ClCompile Include="..\src\Utility\Manager\EasingManager\EasingManager.cpp">
      <Filter>Source Files\Utility\Manager\EasingManager</Filter>
    </ClCompile>
    <ClCompile Include="..\src\Utility\Manager\SoundManager\Sound\Sound.cpp">
      <Filter>Source Files\Utility\Manager\SoundManager\Sound</Filter>
    </ClCompile>
    <ClCompile Include="..\src\Utility\Manager\SoundManager\SoundManager.cpp">
      <Filter>Source Files\Utility\Manager\SoundManager</Filter>
    </ClCompile>
    <ClCompile Include="..\src\Utility\Manager\TextureManager\TextureManager.cpp">
      <Filter>Source Files\Utility\Manager\TextureManager</Filter>
    </ClCompile>
  </ItemGroup>
</Project>